// !$*UTF8*$!
{
	archiveVersion = 1;
	classes = {
	};
	objectVersion = 55;
	objects = {

/* Begin PBXBuildFile section */
		526EED862857A77C00C92E13 /* OnBoardingPage.storyboard in Resources */ = {isa = PBXBuildFile; fileRef = 526EED852857A77C00C92E13 /* OnBoardingPage.storyboard */; };
		AFB3F34928579652002EA297 /* NutritionTableViewCell.xib in Resources */ = {isa = PBXBuildFile; fileRef = AFB3F34728579652002EA297 /* NutritionTableViewCell.xib */; };
		D40E837728532AE9005C2F17 /* AppDelegate.swift in Sources */ = {isa = PBXBuildFile; fileRef = D40E837628532AE9005C2F17 /* AppDelegate.swift */; };
		D40E837928532AE9005C2F17 /* SceneDelegate.swift in Sources */ = {isa = PBXBuildFile; fileRef = D40E837828532AE9005C2F17 /* SceneDelegate.swift */; };
		D40E837B28532AE9005C2F17 /* (null) in Sources */ = {isa = PBXBuildFile; };
		D40E837E28532AE9005C2F17 /* Nutrition.storyboard in Resources */ = {isa = PBXBuildFile; fileRef = D40E837C28532AE9005C2F17 /* Nutrition.storyboard */; };
		D40E838328532AEA005C2F17 /* Assets.xcassets in Resources */ = {isa = PBXBuildFile; fileRef = D40E838228532AEA005C2F17 /* Assets.xcassets */; };
		D40E838628532AEA005C2F17 /* LaunchScreen.storyboard in Resources */ = {isa = PBXBuildFile; fileRef = D40E838428532AEA005C2F17 /* LaunchScreen.storyboard */; };
		D40E839128532AEA005C2F17 /* CehatTests.swift in Sources */ = {isa = PBXBuildFile; fileRef = D40E839028532AEA005C2F17 /* CehatTests.swift */; };
		D40E839B28532AEA005C2F17 /* CehatUITests.swift in Sources */ = {isa = PBXBuildFile; fileRef = D40E839A28532AEA005C2F17 /* CehatUITests.swift */; };
		D40E839D28532AEA005C2F17 /* CehatUITestsLaunchTests.swift in Sources */ = {isa = PBXBuildFile; fileRef = D40E839C28532AEA005C2F17 /* CehatUITestsLaunchTests.swift */; };
		D44156BC286481AF0075FBB7 /* OnBoardingPage.swift in Sources */ = {isa = PBXBuildFile; fileRef = 5278CC0A285CDC1F00D2D9B9 /* OnBoardingPage.swift */; };
		D44156BD286481AF0075FBB7 /* OnBoardingPage + CustomizeNextButton.swift in Sources */ = {isa = PBXBuildFile; fileRef = AFAD3A1728645D6A0073AC65 /* OnBoardingPage + CustomizeNextButton.swift */; };
		D44156BE286481AF0075FBB7 /* Menu.swift in Sources */ = {isa = PBXBuildFile; fileRef = D4C83B5A2863190000376B96 /* Menu.swift */; };
		D44156BF286481AF0075FBB7 /* Nutrients.swift in Sources */ = {isa = PBXBuildFile; fileRef = D4C83B5C2863191E00376B96 /* Nutrients.swift */; };
		D44156C0286481AF0075FBB7 /* DetailMenuViewController.swift in Sources */ = {isa = PBXBuildFile; fileRef = D4C83B51286313A900376B96 /* DetailMenuViewController.swift */; };
		D44156C1286481AF0075FBB7 /* NutrientsCollectionViewCell.swift in Sources */ = {isa = PBXBuildFile; fileRef = D4C83B53286313FF00376B96 /* NutrientsCollectionViewCell.swift */; };
		D44156C2286481AF0075FBB7 /* DetailMenuController+UICollectionView.swift in Sources */ = {isa = PBXBuildFile; fileRef = D4C83B6028636D1000376B96 /* DetailMenuController+UICollectionView.swift */; };
		D44156C3286481AF0075FBB7 /* NutritionSeeder.swift in Sources */ = {isa = PBXBuildFile; fileRef = D44156AF28647EDE0075FBB7 /* NutritionSeeder.swift */; };
		D44156C4286481AF0075FBB7 /* NutritionStructure.swift in Sources */ = {isa = PBXBuildFile; fileRef = D44156B028647EDE0075FBB7 /* NutritionStructure.swift */; };
		D44156C5286481AF0075FBB7 /* NutritionTableViewCell + Extension UITableViewCell.swift in Sources */ = {isa = PBXBuildFile; fileRef = D44156B428647F050075FBB7 /* NutritionTableViewCell + Extension UITableViewCell.swift */; };
		D44156C6286481AF0075FBB7 /* NutritionViewController + TableView.swift in Sources */ = {isa = PBXBuildFile; fileRef = D44156B528647F050075FBB7 /* NutritionViewController + TableView.swift */; };
		D44156C7286481AF0075FBB7 /* NutritionViewController.swift in Sources */ = {isa = PBXBuildFile; fileRef = AF7274132859C3C3008AADF2 /* NutritionViewController.swift */; };
		D44156C8286481AF0075FBB7 /* NutritionTableViewCell.swift in Sources */ = {isa = PBXBuildFile; fileRef = AFB3F34628579652002EA297 /* NutritionTableViewCell.swift */; };
		D44156C9286481BB0075FBB7 /* NutritientBarProgressController.swift in Sources */ = {isa = PBXBuildFile; fileRef = D44156B328647F050075FBB7 /* NutritientBarProgressController.swift */; };
		D44156CA286481BB0075FBB7 /* BulletListHelper.swift in Sources */ = {isa = PBXBuildFile; fileRef = D4C83B5E28636CDE00376B96 /* BulletListHelper.swift */; };
		D44156CC286481BB0075FBB7 /* HexColorExtension.swift in Sources */ = {isa = PBXBuildFile; fileRef = D44156B928647F390075FBB7 /* HexColorExtension.swift */; };
		D44156CD286481BB0075FBB7 /* AppDelegate.swift in Sources */ = {isa = PBXBuildFile; fileRef = D40E837628532AE9005C2F17 /* AppDelegate.swift */; };
		D44156CE286481BB0075FBB7 /* SceneDelegate.swift in Sources */ = {isa = PBXBuildFile; fileRef = D40E837828532AE9005C2F17 /* SceneDelegate.swift */; };
		D44157092865B0900075FBB7 /* MenuPage.storyboard in Resources */ = {isa = PBXBuildFile; fileRef = D44157072865B0900075FBB7 /* MenuPage.storyboard */; };
		D441570A2865B0900075FBB7 /* MenuPageCollectionViewCell.xib in Resources */ = {isa = PBXBuildFile; fileRef = D44157082865B0900075FBB7 /* MenuPageCollectionViewCell.xib */; };
		D44157102865B09B0075FBB7 /* MenuPageViewController.swift in Sources */ = {isa = PBXBuildFile; fileRef = D441570B2865B09B0075FBB7 /* MenuPageViewController.swift */; };
		D44157112865B09B0075FBB7 /* MenuPageViewCollectionViewCell+ Extension UICollectionViewCell.swift in Sources */ = {isa = PBXBuildFile; fileRef = D441570C2865B09B0075FBB7 /* MenuPageViewCollectionViewCell+ Extension UICollectionViewCell.swift */; };
		D44157122865B09B0075FBB7 /* MenuPageCollectionViewCell.swift in Sources */ = {isa = PBXBuildFile; fileRef = D441570D2865B09B0075FBB7 /* MenuPageCollectionViewCell.swift */; };
		D44157132865B09B0075FBB7 /* MenuPageViewController + CollectionView.swift in Sources */ = {isa = PBXBuildFile; fileRef = D441570E2865B09B0075FBB7 /* MenuPageViewController + CollectionView.swift */; };
		D44157142865B09B0075FBB7 /* MenuPageViewController + SearchBar.swift in Sources */ = {isa = PBXBuildFile; fileRef = D441570F2865B09B0075FBB7 /* MenuPageViewController + SearchBar.swift */; };
		D454ABF62865B46B00147F0E /* DataStore in Resources */ = {isa = PBXBuildFile; fileRef = D454ABF52865B46B00147F0E /* DataStore */; };
		D454ABF82865B47700147F0E /* Repository in Resources */ = {isa = PBXBuildFile; fileRef = D454ABF72865B47700147F0E /* Repository */; };
		D454ABFE2865B4D200147F0E /* ManagedHistory+CoreDataClass.swift in Sources */ = {isa = PBXBuildFile; fileRef = D454ABF92865B4D200147F0E /* ManagedHistory+CoreDataClass.swift */; };
		D454ABFF2865B4D200147F0E /* ManagedFavorite+CoreDataClass.swift in Sources */ = {isa = PBXBuildFile; fileRef = D454ABFA2865B4D200147F0E /* ManagedFavorite+CoreDataClass.swift */; };
		D454AC002865B4D200147F0E /* ManagedFavorite+CoreDataProperties.swift in Sources */ = {isa = PBXBuildFile; fileRef = D454ABFB2865B4D200147F0E /* ManagedFavorite+CoreDataProperties.swift */; };
		D454AC012865B4D200147F0E /* ManagedHistory+CoreDataProperties.swift in Sources */ = {isa = PBXBuildFile; fileRef = D454ABFC2865B4D200147F0E /* ManagedHistory+CoreDataProperties.swift */; };
		D454AC022865B4D200147F0E /* CoreDataHelper.swift in Sources */ = {isa = PBXBuildFile; fileRef = D454ABFD2865B4D200147F0E /* CoreDataHelper.swift */; };
		D454AC042865B4E200147F0E /* ViewExtension.swift in Sources */ = {isa = PBXBuildFile; fileRef = D454AC032865B4E200147F0E /* ViewExtension.swift */; };
		D4C83B502863137100376B96 /* DetailMenu.storyboard in Resources */ = {isa = PBXBuildFile; fileRef = D4C83B4F2863137100376B96 /* DetailMenu.storyboard */; };
/* End PBXBuildFile section */

/* Begin PBXContainerItemProxy section */
		D40E838D28532AEA005C2F17 /* PBXContainerItemProxy */ = {
			isa = PBXContainerItemProxy;
			containerPortal = D40E836B28532AE9005C2F17 /* Project object */;
			proxyType = 1;
			remoteGlobalIDString = D40E837228532AE9005C2F17;
			remoteInfo = Cehat;
		};
		D40E839728532AEA005C2F17 /* PBXContainerItemProxy */ = {
			isa = PBXContainerItemProxy;
			containerPortal = D40E836B28532AE9005C2F17 /* Project object */;
			proxyType = 1;
			remoteGlobalIDString = D40E837228532AE9005C2F17;
			remoteInfo = Cehat;
		};
/* End PBXContainerItemProxy section */

/* Begin PBXFileReference section */
		526EED852857A77C00C92E13 /* OnBoardingPage.storyboard */ = {isa = PBXFileReference; lastKnownFileType = file.storyboard; path = OnBoardingPage.storyboard; sourceTree = "<group>"; };
		5278CC0A285CDC1F00D2D9B9 /* OnBoardingPage.swift */ = {isa = PBXFileReference; lastKnownFileType = sourcecode.swift; path = OnBoardingPage.swift; sourceTree = "<group>"; };
		AF72740F2858E654008AADF2 /* NutritionSeeder.swift */ = {isa = PBXFileReference; lastKnownFileType = sourcecode.swift; path = NutritionSeeder.swift; sourceTree = "<group>"; };
		AF7274112858E96E008AADF2 /* NutritionStructure.swift */ = {isa = PBXFileReference; lastKnownFileType = sourcecode.swift; path = NutritionStructure.swift; sourceTree = "<group>"; };
		AF7274132859C3C3008AADF2 /* NutritionViewController.swift */ = {isa = PBXFileReference; fileEncoding = 4; lastKnownFileType = sourcecode.swift; path = NutritionViewController.swift; sourceTree = "<group>"; };
		AFAD3A1728645D6A0073AC65 /* OnBoardingPage + CustomizeNextButton.swift */ = {isa = PBXFileReference; lastKnownFileType = sourcecode.swift; path = "OnBoardingPage + CustomizeNextButton.swift"; sourceTree = "<group>"; };
		AFB3F34628579652002EA297 /* NutritionTableViewCell.swift */ = {isa = PBXFileReference; lastKnownFileType = sourcecode.swift; path = NutritionTableViewCell.swift; sourceTree = "<group>"; };
		AFB3F34728579652002EA297 /* NutritionTableViewCell.xib */ = {isa = PBXFileReference; lastKnownFileType = file.xib; path = NutritionTableViewCell.xib; sourceTree = "<group>"; };
		D40E837328532AE9005C2F17 /* Cehat.app */ = {isa = PBXFileReference; explicitFileType = wrapper.application; includeInIndex = 0; path = Cehat.app; sourceTree = BUILT_PRODUCTS_DIR; };
		D40E837628532AE9005C2F17 /* AppDelegate.swift */ = {isa = PBXFileReference; lastKnownFileType = sourcecode.swift; path = AppDelegate.swift; sourceTree = "<group>"; };
		D40E837828532AE9005C2F17 /* SceneDelegate.swift */ = {isa = PBXFileReference; lastKnownFileType = sourcecode.swift; path = SceneDelegate.swift; sourceTree = "<group>"; };
		D40E837D28532AE9005C2F17 /* Base */ = {isa = PBXFileReference; lastKnownFileType = file.storyboard; name = Base; path = Base.lproj/Nutrition.storyboard; sourceTree = "<group>"; };
		D40E838028532AE9005C2F17 /* Cehat.xcdatamodel */ = {isa = PBXFileReference; lastKnownFileType = wrapper.xcdatamodel; path = Cehat.xcdatamodel; sourceTree = "<group>"; };
		D40E838228532AEA005C2F17 /* Assets.xcassets */ = {isa = PBXFileReference; lastKnownFileType = folder.assetcatalog; path = Assets.xcassets; sourceTree = "<group>"; };
		D40E838528532AEA005C2F17 /* Base */ = {isa = PBXFileReference; lastKnownFileType = file.storyboard; name = Base; path = Base.lproj/LaunchScreen.storyboard; sourceTree = "<group>"; };
		D40E838728532AEA005C2F17 /* Info.plist */ = {isa = PBXFileReference; lastKnownFileType = text.plist.xml; path = Info.plist; sourceTree = "<group>"; };
		D40E838C28532AEA005C2F17 /* CehatTests.xctest */ = {isa = PBXFileReference; explicitFileType = wrapper.cfbundle; includeInIndex = 0; path = CehatTests.xctest; sourceTree = BUILT_PRODUCTS_DIR; };
		D40E839028532AEA005C2F17 /* CehatTests.swift */ = {isa = PBXFileReference; lastKnownFileType = sourcecode.swift; path = CehatTests.swift; sourceTree = "<group>"; };
		D40E839628532AEA005C2F17 /* CehatUITests.xctest */ = {isa = PBXFileReference; explicitFileType = wrapper.cfbundle; includeInIndex = 0; path = CehatUITests.xctest; sourceTree = BUILT_PRODUCTS_DIR; };
		D40E839A28532AEA005C2F17 /* CehatUITests.swift */ = {isa = PBXFileReference; lastKnownFileType = sourcecode.swift; path = CehatUITests.swift; sourceTree = "<group>"; };
		D40E839C28532AEA005C2F17 /* CehatUITestsLaunchTests.swift */ = {isa = PBXFileReference; lastKnownFileType = sourcecode.swift; path = CehatUITestsLaunchTests.swift; sourceTree = "<group>"; };
		D44156AF28647EDE0075FBB7 /* NutritionSeeder.swift */ = {isa = PBXFileReference; fileEncoding = 4; lastKnownFileType = sourcecode.swift; path = NutritionSeeder.swift; sourceTree = "<group>"; };
		D44156B028647EDE0075FBB7 /* NutritionStructure.swift */ = {isa = PBXFileReference; fileEncoding = 4; lastKnownFileType = sourcecode.swift; path = NutritionStructure.swift; sourceTree = "<group>"; };
		D44156B328647F050075FBB7 /* NutritientBarProgressController.swift */ = {isa = PBXFileReference; fileEncoding = 4; lastKnownFileType = sourcecode.swift; path = NutritientBarProgressController.swift; sourceTree = "<group>"; };
		D44156B428647F050075FBB7 /* NutritionTableViewCell + Extension UITableViewCell.swift */ = {isa = PBXFileReference; fileEncoding = 4; lastKnownFileType = sourcecode.swift; path = "NutritionTableViewCell + Extension UITableViewCell.swift"; sourceTree = "<group>"; };
		D44156B528647F050075FBB7 /* NutritionViewController + TableView.swift */ = {isa = PBXFileReference; fileEncoding = 4; lastKnownFileType = sourcecode.swift; path = "NutritionViewController + TableView.swift"; sourceTree = "<group>"; };
		D44156B928647F390075FBB7 /* HexColorExtension.swift */ = {isa = PBXFileReference; fileEncoding = 4; lastKnownFileType = sourcecode.swift; path = HexColorExtension.swift; sourceTree = "<group>"; };
		D44157072865B0900075FBB7 /* MenuPage.storyboard */ = {isa = PBXFileReference; fileEncoding = 4; lastKnownFileType = file.storyboard; path = MenuPage.storyboard; sourceTree = "<group>"; };
		D44157082865B0900075FBB7 /* MenuPageCollectionViewCell.xib */ = {isa = PBXFileReference; fileEncoding = 4; lastKnownFileType = file.xib; path = MenuPageCollectionViewCell.xib; sourceTree = "<group>"; };
		D441570B2865B09B0075FBB7 /* MenuPageViewController.swift */ = {isa = PBXFileReference; fileEncoding = 4; lastKnownFileType = sourcecode.swift; path = MenuPageViewController.swift; sourceTree = "<group>"; };
		D441570C2865B09B0075FBB7 /* MenuPageViewCollectionViewCell+ Extension UICollectionViewCell.swift */ = {isa = PBXFileReference; fileEncoding = 4; lastKnownFileType = sourcecode.swift; path = "MenuPageViewCollectionViewCell+ Extension UICollectionViewCell.swift"; sourceTree = "<group>"; };
		D441570D2865B09B0075FBB7 /* MenuPageCollectionViewCell.swift */ = {isa = PBXFileReference; fileEncoding = 4; lastKnownFileType = sourcecode.swift; path = MenuPageCollectionViewCell.swift; sourceTree = "<group>"; };
		D441570E2865B09B0075FBB7 /* MenuPageViewController + CollectionView.swift */ = {isa = PBXFileReference; fileEncoding = 4; lastKnownFileType = sourcecode.swift; path = "MenuPageViewController + CollectionView.swift"; sourceTree = "<group>"; };
		D441570F2865B09B0075FBB7 /* MenuPageViewController + SearchBar.swift */ = {isa = PBXFileReference; fileEncoding = 4; lastKnownFileType = sourcecode.swift; path = "MenuPageViewController + SearchBar.swift"; sourceTree = "<group>"; };
		D454ABF52865B46B00147F0E /* DataStore */ = {isa = PBXFileReference; lastKnownFileType = folder; path = DataStore; sourceTree = "<group>"; };
		D454ABF72865B47700147F0E /* Repository */ = {isa = PBXFileReference; lastKnownFileType = folder; path = Repository; sourceTree = "<group>"; };
		D454ABF92865B4D200147F0E /* ManagedHistory+CoreDataClass.swift */ = {isa = PBXFileReference; fileEncoding = 4; lastKnownFileType = sourcecode.swift; path = "ManagedHistory+CoreDataClass.swift"; sourceTree = "<group>"; };
		D454ABFA2865B4D200147F0E /* ManagedFavorite+CoreDataClass.swift */ = {isa = PBXFileReference; fileEncoding = 4; lastKnownFileType = sourcecode.swift; path = "ManagedFavorite+CoreDataClass.swift"; sourceTree = "<group>"; };
		D454ABFB2865B4D200147F0E /* ManagedFavorite+CoreDataProperties.swift */ = {isa = PBXFileReference; fileEncoding = 4; lastKnownFileType = sourcecode.swift; path = "ManagedFavorite+CoreDataProperties.swift"; sourceTree = "<group>"; };
		D454ABFC2865B4D200147F0E /* ManagedHistory+CoreDataProperties.swift */ = {isa = PBXFileReference; fileEncoding = 4; lastKnownFileType = sourcecode.swift; path = "ManagedHistory+CoreDataProperties.swift"; sourceTree = "<group>"; };
		D454ABFD2865B4D200147F0E /* CoreDataHelper.swift */ = {isa = PBXFileReference; fileEncoding = 4; lastKnownFileType = sourcecode.swift; path = CoreDataHelper.swift; sourceTree = "<group>"; };
		D454AC032865B4E200147F0E /* ViewExtension.swift */ = {isa = PBXFileReference; fileEncoding = 4; lastKnownFileType = sourcecode.swift; path = ViewExtension.swift; sourceTree = "<group>"; };
		D4C83B4F2863137100376B96 /* DetailMenu.storyboard */ = {isa = PBXFileReference; fileEncoding = 4; lastKnownFileType = file.storyboard; path = DetailMenu.storyboard; sourceTree = "<group>"; };
		D4C83B51286313A900376B96 /* DetailMenuViewController.swift */ = {isa = PBXFileReference; fileEncoding = 4; lastKnownFileType = sourcecode.swift; path = DetailMenuViewController.swift; sourceTree = "<group>"; };
		D4C83B53286313FF00376B96 /* NutrientsCollectionViewCell.swift */ = {isa = PBXFileReference; fileEncoding = 4; lastKnownFileType = sourcecode.swift; path = NutrientsCollectionViewCell.swift; sourceTree = "<group>"; };
		D4C83B5A2863190000376B96 /* Menu.swift */ = {isa = PBXFileReference; lastKnownFileType = sourcecode.swift; path = Menu.swift; sourceTree = "<group>"; };
		D4C83B5C2863191E00376B96 /* Nutrients.swift */ = {isa = PBXFileReference; lastKnownFileType = sourcecode.swift; path = Nutrients.swift; sourceTree = "<group>"; };
		D4C83B5E28636CDE00376B96 /* BulletListHelper.swift */ = {isa = PBXFileReference; fileEncoding = 4; lastKnownFileType = sourcecode.swift; path = BulletListHelper.swift; sourceTree = "<group>"; };
		D4C83B6028636D1000376B96 /* DetailMenuController+UICollectionView.swift */ = {isa = PBXFileReference; lastKnownFileType = sourcecode.swift; path = "DetailMenuController+UICollectionView.swift"; sourceTree = "<group>"; };
/* End PBXFileReference section */

/* Begin PBXFrameworksBuildPhase section */
		D40E837028532AE9005C2F17 /* Frameworks */ = {
			isa = PBXFrameworksBuildPhase;
			buildActionMask = 2147483647;
			files = (
			);
			runOnlyForDeploymentPostprocessing = 0;
		};
		D40E838928532AEA005C2F17 /* Frameworks */ = {
			isa = PBXFrameworksBuildPhase;
			buildActionMask = 2147483647;
			files = (
			);
			runOnlyForDeploymentPostprocessing = 0;
		};
		D40E839328532AEA005C2F17 /* Frameworks */ = {
			isa = PBXFrameworksBuildPhase;
			buildActionMask = 2147483647;
			files = (
			);
			runOnlyForDeploymentPostprocessing = 0;
		};
/* End PBXFrameworksBuildPhase section */

/* Begin PBXGroup section */
		AFAD3A1228645CDE0073AC65 /* Model */ = {
			isa = PBXGroup;
			children = (
				D44156AF28647EDE0075FBB7 /* NutritionSeeder.swift */,
				D44156B028647EDE0075FBB7 /* NutritionStructure.swift */,
			);
			path = Model;
			sourceTree = "<group>";
		};
		AFAD3A1328645D050073AC65 /* OnBoarding */ = {
			isa = PBXGroup;
			children = (
				AFAD3A1428645D0F0073AC65 /* Pages */,
			);
			path = OnBoarding;
			sourceTree = "<group>";
		};
		AFAD3A1428645D0F0073AC65 /* Pages */ = {
			isa = PBXGroup;
			children = (
				AFAD3A1528645D220073AC65 /* Controller */,
				AFAD3A1628645D290073AC65 /* View */,
			);
			path = Pages;
			sourceTree = "<group>";
		};
		AFAD3A1528645D220073AC65 /* Controller */ = {
			isa = PBXGroup;
			children = (
				5278CC0A285CDC1F00D2D9B9 /* OnBoardingPage.swift */,
				AFAD3A1728645D6A0073AC65 /* OnBoardingPage + CustomizeNextButton.swift */,
			);
			path = Controller;
			sourceTree = "<group>";
		};
		AFAD3A1628645D290073AC65 /* View */ = {
			isa = PBXGroup;
			children = (
				526EED852857A77C00C92E13 /* OnBoardingPage.storyboard */,
			);
			path = View;
			sourceTree = "<group>";
		};
		D40E836A28532AE9005C2F17 = {
			isa = PBXGroup;
			children = (
				D40E837528532AE9005C2F17 /* Cehat */,
				D40E838F28532AEA005C2F17 /* CehatTests */,
				D40E839928532AEA005C2F17 /* CehatUITests */,
				D40E837428532AE9005C2F17 /* Products */,
				D44156AE28647E630075FBB7 /* Recovered References */,
			);
			sourceTree = "<group>";
		};
		D40E837428532AE9005C2F17 /* Products */ = {
			isa = PBXGroup;
			children = (
				D40E837328532AE9005C2F17 /* Cehat.app */,
				D40E838C28532AEA005C2F17 /* CehatTests.xctest */,
				D40E839628532AEA005C2F17 /* CehatUITests.xctest */,
			);
			name = Products;
			sourceTree = "<group>";
		};
		D40E837528532AE9005C2F17 /* Cehat */ = {
			isa = PBXGroup;
			children = (
				D42783C8285724FD00BC5FE5 /* Feature */,
				D42783CD2857254300BC5FE5 /* Helper */,
				D42783C92857250300BC5FE5 /* Themes */,
				D42783CE2857254D00BC5FE5 /* Utilities */,
				D40E837628532AE9005C2F17 /* AppDelegate.swift */,
				D40E837828532AE9005C2F17 /* SceneDelegate.swift */,
				D40E838228532AEA005C2F17 /* Assets.xcassets */,
				D40E838428532AEA005C2F17 /* LaunchScreen.storyboard */,
				D40E838728532AEA005C2F17 /* Info.plist */,
				D40E837F28532AE9005C2F17 /* Cehat.xcdatamodeld */,
			);
			path = Cehat;
			sourceTree = "<group>";
		};
		D40E838F28532AEA005C2F17 /* CehatTests */ = {
			isa = PBXGroup;
			children = (
				D40E839028532AEA005C2F17 /* CehatTests.swift */,
			);
			path = CehatTests;
			sourceTree = "<group>";
		};
		D40E839928532AEA005C2F17 /* CehatUITests */ = {
			isa = PBXGroup;
			children = (
				D40E839A28532AEA005C2F17 /* CehatUITests.swift */,
				D40E839C28532AEA005C2F17 /* CehatUITestsLaunchTests.swift */,
			);
			path = CehatUITests;
			sourceTree = "<group>";
		};
		D42783C8285724FD00BC5FE5 /* Feature */ = {
			isa = PBXGroup;
			children = (
				AFAD3A1328645D050073AC65 /* OnBoarding */,
				D42783D7285750E900BC5FE5 /* Menu */,
				D42783D028573AD200BC5FE5 /* NutritionTracking */,
			);
			path = Feature;
			sourceTree = "<group>";
		};
		D42783C92857250300BC5FE5 /* Themes */ = {
			isa = PBXGroup;
			children = (
				D42783CC2857253100BC5FE5 /* Fonts */,
				D42783CB2857252000BC5FE5 /* UI */,
				D42783CA2857251C00BC5FE5 /* Colors */,
			);
			path = Themes;
			sourceTree = "<group>";
		};
		D42783CA2857251C00BC5FE5 /* Colors */ = {
			isa = PBXGroup;
			children = (
				D44156B928647F390075FBB7 /* HexColorExtension.swift */,
			);
			path = Colors;
			sourceTree = "<group>";
		};
		D42783CB2857252000BC5FE5 /* UI */ = {
			isa = PBXGroup;
			children = (
				D454AC032865B4E200147F0E /* ViewExtension.swift */,
			);
			path = UI;
			sourceTree = "<group>";
		};
		D42783CC2857253100BC5FE5 /* Fonts */ = {
			isa = PBXGroup;
			children = (
			);
			path = Fonts;
			sourceTree = "<group>";
		};
		D42783CD2857254300BC5FE5 /* Helper */ = {
			isa = PBXGroup;
			children = (
				D4C83B5E28636CDE00376B96 /* BulletListHelper.swift */,
			);
			path = Helper;
			sourceTree = "<group>";
		};
		D42783CE2857254D00BC5FE5 /* Utilities */ = {
			isa = PBXGroup;
			children = (
				D42783CF2857255500BC5FE5 /* CoreData */,
			);
			path = Utilities;
			sourceTree = "<group>";
		};
		D42783CF2857255500BC5FE5 /* CoreData */ = {
			isa = PBXGroup;
			children = (
				D454ABFD2865B4D200147F0E /* CoreDataHelper.swift */,
				D454ABFA2865B4D200147F0E /* ManagedFavorite+CoreDataClass.swift */,
				D454ABFB2865B4D200147F0E /* ManagedFavorite+CoreDataProperties.swift */,
				D454ABF92865B4D200147F0E /* ManagedHistory+CoreDataClass.swift */,
				D454ABFC2865B4D200147F0E /* ManagedHistory+CoreDataProperties.swift */,
			);
			path = CoreData;
			sourceTree = "<group>";
		};
		D42783D028573AD200BC5FE5 /* NutritionTracking */ = {
			isa = PBXGroup;
			children = (
				AFAD3A1228645CDE0073AC65 /* Model */,
				D42783D228573B1500BC5FE5 /* Pages */,
			);
			path = NutritionTracking;
			sourceTree = "<group>";
		};
		D42783D228573B1500BC5FE5 /* Pages */ = {
			isa = PBXGroup;
			children = (
				D42783D6285750D400BC5FE5 /* Controller */,
				D42783D4285750C300BC5FE5 /* View */,
			);
			path = Pages;
			sourceTree = "<group>";
		};
		D42783D4285750C300BC5FE5 /* View */ = {
			isa = PBXGroup;
			children = (
				D40E837C28532AE9005C2F17 /* Nutrition.storyboard */,
				AFB3F34728579652002EA297 /* NutritionTableViewCell.xib */,
			);
			path = View;
			sourceTree = "<group>";
		};
		D42783D6285750D400BC5FE5 /* Controller */ = {
			isa = PBXGroup;
			children = (
				D44156B328647F050075FBB7 /* NutritientBarProgressController.swift */,
				D44156B428647F050075FBB7 /* NutritionTableViewCell + Extension UITableViewCell.swift */,
				D44156B528647F050075FBB7 /* NutritionViewController + TableView.swift */,
				AF7274132859C3C3008AADF2 /* NutritionViewController.swift */,
				AFB3F34628579652002EA297 /* NutritionTableViewCell.swift */,
			);
			path = Controller;
			sourceTree = "<group>";
		};
		D42783D7285750E900BC5FE5 /* Menu */ = {
			isa = PBXGroup;
			children = (
				D42783D92857512000BC5FE5 /* Model */,
				D42783D82857511900BC5FE5 /* Pages */,
			);
			path = Menu;
			sourceTree = "<group>";
		};
		D42783D82857511900BC5FE5 /* Pages */ = {
			isa = PBXGroup;
			children = (
				D42783DB2857512E00BC5FE5 /* DetailMenu */,
				D42783DA2857512600BC5FE5 /* ListMenu */,
			);
			path = Pages;
			sourceTree = "<group>";
		};
		D42783D92857512000BC5FE5 /* Model */ = {
			isa = PBXGroup;
			children = (
				D454ABF72865B47700147F0E /* Repository */,
				D454ABF52865B46B00147F0E /* DataStore */,
				D4C83B5A2863190000376B96 /* Menu.swift */,
				D4C83B5C2863191E00376B96 /* Nutrients.swift */,
			);
			path = Model;
			sourceTree = "<group>";
		};
		D42783DA2857512600BC5FE5 /* ListMenu */ = {
			isa = PBXGroup;
			children = (
				D42783DD2857513D00BC5FE5 /* Controller */,
				D42783DC2857513600BC5FE5 /* View */,
			);
			path = ListMenu;
			sourceTree = "<group>";
		};
		D42783DB2857512E00BC5FE5 /* DetailMenu */ = {
			isa = PBXGroup;
			children = (
				D42783DF2857514800BC5FE5 /* Controller */,
				D42783DE2857514400BC5FE5 /* View */,
			);
			path = DetailMenu;
			sourceTree = "<group>";
		};
		D42783DC2857513600BC5FE5 /* View */ = {
			isa = PBXGroup;
			children = (
				D44157072865B0900075FBB7 /* MenuPage.storyboard */,
				D44157082865B0900075FBB7 /* MenuPageCollectionViewCell.xib */,
			);
			path = View;
			sourceTree = "<group>";
		};
		D42783DD2857513D00BC5FE5 /* Controller */ = {
			isa = PBXGroup;
			children = (
				D441570D2865B09B0075FBB7 /* MenuPageCollectionViewCell.swift */,
				D441570C2865B09B0075FBB7 /* MenuPageViewCollectionViewCell+ Extension UICollectionViewCell.swift */,
				D441570E2865B09B0075FBB7 /* MenuPageViewController + CollectionView.swift */,
				D441570F2865B09B0075FBB7 /* MenuPageViewController + SearchBar.swift */,
				D441570B2865B09B0075FBB7 /* MenuPageViewController.swift */,
			);
			path = Controller;
			sourceTree = "<group>";
		};
		D42783DE2857514400BC5FE5 /* View */ = {
			isa = PBXGroup;
			children = (
				D4C83B4F2863137100376B96 /* DetailMenu.storyboard */,
			);
			path = View;
			sourceTree = "<group>";
		};
		D42783DF2857514800BC5FE5 /* Controller */ = {
			isa = PBXGroup;
			children = (
				D4C83B51286313A900376B96 /* DetailMenuViewController.swift */,
				D4C83B53286313FF00376B96 /* NutrientsCollectionViewCell.swift */,
				D4C83B6028636D1000376B96 /* DetailMenuController+UICollectionView.swift */,
			);
			path = Controller;
			sourceTree = "<group>";
		};
		D44156AE28647E630075FBB7 /* Recovered References */ = {
			isa = PBXGroup;
			children = (
				AF72740F2858E654008AADF2 /* NutritionSeeder.swift */,
				AF7274112858E96E008AADF2 /* NutritionStructure.swift */,
			);
			name = "Recovered References";
			sourceTree = "<group>";
		};
/* End PBXGroup section */

/* Begin PBXNativeTarget section */
		D40E837228532AE9005C2F17 /* Cehat */ = {
			isa = PBXNativeTarget;
			buildConfigurationList = D40E83A028532AEA005C2F17 /* Build configuration list for PBXNativeTarget "Cehat" */;
			buildPhases = (
				D40E837028532AE9005C2F17 /* Frameworks */,
				D40E837128532AE9005C2F17 /* Resources */,
				D44156BB286481900075FBB7 /* Sources */,
			);
			buildRules = (
			);
			dependencies = (
			);
			name = Cehat;
			productName = Cehat;
			productReference = D40E837328532AE9005C2F17 /* Cehat.app */;
			productType = "com.apple.product-type.application";
		};
		D40E838B28532AEA005C2F17 /* CehatTests */ = {
			isa = PBXNativeTarget;
			buildConfigurationList = D40E83A328532AEA005C2F17 /* Build configuration list for PBXNativeTarget "CehatTests" */;
			buildPhases = (
				D40E838828532AEA005C2F17 /* Sources */,
				D40E838928532AEA005C2F17 /* Frameworks */,
				D40E838A28532AEA005C2F17 /* Resources */,
			);
			buildRules = (
			);
			dependencies = (
				D40E838E28532AEA005C2F17 /* PBXTargetDependency */,
			);
			name = CehatTests;
			productName = CehatTests;
			productReference = D40E838C28532AEA005C2F17 /* CehatTests.xctest */;
			productType = "com.apple.product-type.bundle.unit-test";
		};
		D40E839528532AEA005C2F17 /* CehatUITests */ = {
			isa = PBXNativeTarget;
			buildConfigurationList = D40E83A628532AEA005C2F17 /* Build configuration list for PBXNativeTarget "CehatUITests" */;
			buildPhases = (
				D40E839228532AEA005C2F17 /* Sources */,
				D40E839328532AEA005C2F17 /* Frameworks */,
				D40E839428532AEA005C2F17 /* Resources */,
			);
			buildRules = (
			);
			dependencies = (
				D40E839828532AEA005C2F17 /* PBXTargetDependency */,
			);
			name = CehatUITests;
			productName = CehatUITests;
			productReference = D40E839628532AEA005C2F17 /* CehatUITests.xctest */;
			productType = "com.apple.product-type.bundle.ui-testing";
		};
/* End PBXNativeTarget section */

/* Begin PBXProject section */
		D40E836B28532AE9005C2F17 /* Project object */ = {
			isa = PBXProject;
			attributes = {
				BuildIndependentTargetsInParallel = 1;
				LastSwiftUpdateCheck = 1340;
				LastUpgradeCheck = 1340;
				TargetAttributes = {
					D40E837228532AE9005C2F17 = {
						CreatedOnToolsVersion = 13.4.1;
					};
					D40E838B28532AEA005C2F17 = {
						CreatedOnToolsVersion = 13.4.1;
						TestTargetID = D40E837228532AE9005C2F17;
					};
					D40E839528532AEA005C2F17 = {
						CreatedOnToolsVersion = 13.4.1;
						TestTargetID = D40E837228532AE9005C2F17;
					};
				};
			};
			buildConfigurationList = D40E836E28532AE9005C2F17 /* Build configuration list for PBXProject "Cehat" */;
			compatibilityVersion = "Xcode 13.0";
			developmentRegion = en;
			hasScannedForEncodings = 0;
			knownRegions = (
				en,
				Base,
			);
			mainGroup = D40E836A28532AE9005C2F17;
			productRefGroup = D40E837428532AE9005C2F17 /* Products */;
			projectDirPath = "";
			projectRoot = "";
			targets = (
				D40E837228532AE9005C2F17 /* Cehat */,
				D40E838B28532AEA005C2F17 /* CehatTests */,
				D40E839528532AEA005C2F17 /* CehatUITests */,
			);
		};
/* End PBXProject section */

/* Begin PBXResourcesBuildPhase section */
		D40E837128532AE9005C2F17 /* Resources */ = {
			isa = PBXResourcesBuildPhase;
			buildActionMask = 2147483647;
			files = (
				D441570A2865B0900075FBB7 /* MenuPageCollectionViewCell.xib in Resources */,
				526EED862857A77C00C92E13 /* OnBoardingPage.storyboard in Resources */,
				D454ABF82865B47700147F0E /* Repository in Resources */,
				D40E838628532AEA005C2F17 /* LaunchScreen.storyboard in Resources */,
				D4C83B502863137100376B96 /* DetailMenu.storyboard in Resources */,
				D44157092865B0900075FBB7 /* MenuPage.storyboard in Resources */,
				D454ABF62865B46B00147F0E /* DataStore in Resources */,
				D40E838328532AEA005C2F17 /* Assets.xcassets in Resources */,
				AFB3F34928579652002EA297 /* NutritionTableViewCell.xib in Resources */,
				D40E837E28532AE9005C2F17 /* Nutrition.storyboard in Resources */,
			);
			runOnlyForDeploymentPostprocessing = 0;
		};
		D40E838A28532AEA005C2F17 /* Resources */ = {
			isa = PBXResourcesBuildPhase;
			buildActionMask = 2147483647;
			files = (
			);
			runOnlyForDeploymentPostprocessing = 0;
		};
		D40E839428532AEA005C2F17 /* Resources */ = {
			isa = PBXResourcesBuildPhase;
			buildActionMask = 2147483647;
			files = (
			);
			runOnlyForDeploymentPostprocessing = 0;
		};
/* End PBXResourcesBuildPhase section */

/* Begin PBXSourcesBuildPhase section */
		D40E838828532AEA005C2F17 /* Sources */ = {
			isa = PBXSourcesBuildPhase;
			buildActionMask = 2147483647;
			files = (
				D40E839128532AEA005C2F17 /* CehatTests.swift in Sources */,
				D40E837B28532AE9005C2F17 /* (null) in Sources */,
				D40E837728532AE9005C2F17 /* AppDelegate.swift in Sources */,
				D40E837928532AE9005C2F17 /* SceneDelegate.swift in Sources */,
			);
			runOnlyForDeploymentPostprocessing = 0;
		};
		D40E839228532AEA005C2F17 /* Sources */ = {
			isa = PBXSourcesBuildPhase;
			buildActionMask = 2147483647;
			files = (
				D40E839D28532AEA005C2F17 /* CehatUITestsLaunchTests.swift in Sources */,
				D40E839B28532AEA005C2F17 /* CehatUITests.swift in Sources */,
			);
			runOnlyForDeploymentPostprocessing = 0;
		};
		D44156BB286481900075FBB7 /* Sources */ = {
			isa = PBXSourcesBuildPhase;
			buildActionMask = 2147483647;
			files = (
				D44156C9286481BB0075FBB7 /* NutritientBarProgressController.swift in Sources */,
				D454ABFF2865B4D200147F0E /* ManagedFavorite+CoreDataClass.swift in Sources */,
				D454AC022865B4D200147F0E /* CoreDataHelper.swift in Sources */,
				D44157112865B09B0075FBB7 /* MenuPageViewCollectionViewCell+ Extension UICollectionViewCell.swift in Sources */,
				D44156CA286481BB0075FBB7 /* BulletListHelper.swift in Sources */,
				D44156CC286481BB0075FBB7 /* HexColorExtension.swift in Sources */,
				D454ABFE2865B4D200147F0E /* ManagedHistory+CoreDataClass.swift in Sources */,
				D44156CD286481BB0075FBB7 /* AppDelegate.swift in Sources */,
				D44156CE286481BB0075FBB7 /* SceneDelegate.swift in Sources */,
				D44156BC286481AF0075FBB7 /* OnBoardingPage.swift in Sources */,
				D44157132865B09B0075FBB7 /* MenuPageViewController + CollectionView.swift in Sources */,
				D44157122865B09B0075FBB7 /* MenuPageCollectionViewCell.swift in Sources */,
				D44157142865B09B0075FBB7 /* MenuPageViewController + SearchBar.swift in Sources */,
				D44156BD286481AF0075FBB7 /* OnBoardingPage + CustomizeNextButton.swift in Sources */,
				D44156BE286481AF0075FBB7 /* Menu.swift in Sources */,
				D44156BF286481AF0075FBB7 /* Nutrients.swift in Sources */,
				D44156C0286481AF0075FBB7 /* DetailMenuViewController.swift in Sources */,
				D454AC002865B4D200147F0E /* ManagedFavorite+CoreDataProperties.swift in Sources */,
				D44156C1286481AF0075FBB7 /* NutrientsCollectionViewCell.swift in Sources */,
				D44157102865B09B0075FBB7 /* MenuPageViewController.swift in Sources */,
				D44156C2286481AF0075FBB7 /* DetailMenuController+UICollectionView.swift in Sources */,
				D44156C3286481AF0075FBB7 /* NutritionSeeder.swift in Sources */,
				D44156C4286481AF0075FBB7 /* NutritionStructure.swift in Sources */,
				D454AC042865B4E200147F0E /* ViewExtension.swift in Sources */,
				D44156C5286481AF0075FBB7 /* NutritionTableViewCell + Extension UITableViewCell.swift in Sources */,
				D454AC012865B4D200147F0E /* ManagedHistory+CoreDataProperties.swift in Sources */,
				D44156C6286481AF0075FBB7 /* NutritionViewController + TableView.swift in Sources */,
				D44156C7286481AF0075FBB7 /* NutritionViewController.swift in Sources */,
				D44156C8286481AF0075FBB7 /* NutritionTableViewCell.swift in Sources */,
			);
			runOnlyForDeploymentPostprocessing = 0;
		};
/* End PBXSourcesBuildPhase section */

/* Begin PBXTargetDependency section */
		D40E838E28532AEA005C2F17 /* PBXTargetDependency */ = {
			isa = PBXTargetDependency;
			target = D40E837228532AE9005C2F17 /* Cehat */;
			targetProxy = D40E838D28532AEA005C2F17 /* PBXContainerItemProxy */;
		};
		D40E839828532AEA005C2F17 /* PBXTargetDependency */ = {
			isa = PBXTargetDependency;
			target = D40E837228532AE9005C2F17 /* Cehat */;
			targetProxy = D40E839728532AEA005C2F17 /* PBXContainerItemProxy */;
		};
/* End PBXTargetDependency section */

/* Begin PBXVariantGroup section */
		D40E837C28532AE9005C2F17 /* Nutrition.storyboard */ = {
			isa = PBXVariantGroup;
			children = (
				D40E837D28532AE9005C2F17 /* Base */,
			);
			name = Nutrition.storyboard;
			sourceTree = "<group>";
		};
		D40E838428532AEA005C2F17 /* LaunchScreen.storyboard */ = {
			isa = PBXVariantGroup;
			children = (
				D40E838528532AEA005C2F17 /* Base */,
			);
			name = LaunchScreen.storyboard;
			sourceTree = "<group>";
		};
/* End PBXVariantGroup section */

/* Begin XCBuildConfiguration section */
		D40E839E28532AEA005C2F17 /* Debug */ = {
			isa = XCBuildConfiguration;
			buildSettings = {
				ALWAYS_SEARCH_USER_PATHS = NO;
				CLANG_ANALYZER_NONNULL = YES;
				CLANG_ANALYZER_NUMBER_OBJECT_CONVERSION = YES_AGGRESSIVE;
				CLANG_CXX_LANGUAGE_STANDARD = "gnu++17";
				CLANG_ENABLE_MODULES = YES;
				CLANG_ENABLE_OBJC_ARC = YES;
				CLANG_ENABLE_OBJC_WEAK = YES;
				CLANG_WARN_BLOCK_CAPTURE_AUTORELEASING = YES;
				CLANG_WARN_BOOL_CONVERSION = YES;
				CLANG_WARN_COMMA = YES;
				CLANG_WARN_CONSTANT_CONVERSION = YES;
				CLANG_WARN_DEPRECATED_OBJC_IMPLEMENTATIONS = YES;
				CLANG_WARN_DIRECT_OBJC_ISA_USAGE = YES_ERROR;
				CLANG_WARN_DOCUMENTATION_COMMENTS = YES;
				CLANG_WARN_EMPTY_BODY = YES;
				CLANG_WARN_ENUM_CONVERSION = YES;
				CLANG_WARN_INFINITE_RECURSION = YES;
				CLANG_WARN_INT_CONVERSION = YES;
				CLANG_WARN_NON_LITERAL_NULL_CONVERSION = YES;
				CLANG_WARN_OBJC_IMPLICIT_RETAIN_SELF = YES;
				CLANG_WARN_OBJC_LITERAL_CONVERSION = YES;
				CLANG_WARN_OBJC_ROOT_CLASS = YES_ERROR;
				CLANG_WARN_QUOTED_INCLUDE_IN_FRAMEWORK_HEADER = YES;
				CLANG_WARN_RANGE_LOOP_ANALYSIS = YES;
				CLANG_WARN_STRICT_PROTOTYPES = YES;
				CLANG_WARN_SUSPICIOUS_MOVE = YES;
				CLANG_WARN_UNGUARDED_AVAILABILITY = YES_AGGRESSIVE;
				CLANG_WARN_UNREACHABLE_CODE = YES;
				CLANG_WARN__DUPLICATE_METHOD_MATCH = YES;
				COPY_PHASE_STRIP = NO;
				DEBUG_INFORMATION_FORMAT = dwarf;
				ENABLE_STRICT_OBJC_MSGSEND = YES;
				ENABLE_TESTABILITY = YES;
				GCC_C_LANGUAGE_STANDARD = gnu11;
				GCC_DYNAMIC_NO_PIC = NO;
				GCC_NO_COMMON_BLOCKS = YES;
				GCC_OPTIMIZATION_LEVEL = 0;
				GCC_PREPROCESSOR_DEFINITIONS = (
					"DEBUG=1",
					"$(inherited)",
				);
				GCC_WARN_64_TO_32_BIT_CONVERSION = YES;
				GCC_WARN_ABOUT_RETURN_TYPE = YES_ERROR;
				GCC_WARN_UNDECLARED_SELECTOR = YES;
				GCC_WARN_UNINITIALIZED_AUTOS = YES_AGGRESSIVE;
				GCC_WARN_UNUSED_FUNCTION = YES;
				GCC_WARN_UNUSED_VARIABLE = YES;
				IPHONEOS_DEPLOYMENT_TARGET = 15.5;
				MTL_ENABLE_DEBUG_INFO = INCLUDE_SOURCE;
				MTL_FAST_MATH = YES;
				ONLY_ACTIVE_ARCH = YES;
				SDKROOT = iphoneos;
				SWIFT_ACTIVE_COMPILATION_CONDITIONS = DEBUG;
				SWIFT_OPTIMIZATION_LEVEL = "-Onone";
			};
			name = Debug;
		};
		D40E839F28532AEA005C2F17 /* Release */ = {
			isa = XCBuildConfiguration;
			buildSettings = {
				ALWAYS_SEARCH_USER_PATHS = NO;
				CLANG_ANALYZER_NONNULL = YES;
				CLANG_ANALYZER_NUMBER_OBJECT_CONVERSION = YES_AGGRESSIVE;
				CLANG_CXX_LANGUAGE_STANDARD = "gnu++17";
				CLANG_ENABLE_MODULES = YES;
				CLANG_ENABLE_OBJC_ARC = YES;
				CLANG_ENABLE_OBJC_WEAK = YES;
				CLANG_WARN_BLOCK_CAPTURE_AUTORELEASING = YES;
				CLANG_WARN_BOOL_CONVERSION = YES;
				CLANG_WARN_COMMA = YES;
				CLANG_WARN_CONSTANT_CONVERSION = YES;
				CLANG_WARN_DEPRECATED_OBJC_IMPLEMENTATIONS = YES;
				CLANG_WARN_DIRECT_OBJC_ISA_USAGE = YES_ERROR;
				CLANG_WARN_DOCUMENTATION_COMMENTS = YES;
				CLANG_WARN_EMPTY_BODY = YES;
				CLANG_WARN_ENUM_CONVERSION = YES;
				CLANG_WARN_INFINITE_RECURSION = YES;
				CLANG_WARN_INT_CONVERSION = YES;
				CLANG_WARN_NON_LITERAL_NULL_CONVERSION = YES;
				CLANG_WARN_OBJC_IMPLICIT_RETAIN_SELF = YES;
				CLANG_WARN_OBJC_LITERAL_CONVERSION = YES;
				CLANG_WARN_OBJC_ROOT_CLASS = YES_ERROR;
				CLANG_WARN_QUOTED_INCLUDE_IN_FRAMEWORK_HEADER = YES;
				CLANG_WARN_RANGE_LOOP_ANALYSIS = YES;
				CLANG_WARN_STRICT_PROTOTYPES = YES;
				CLANG_WARN_SUSPICIOUS_MOVE = YES;
				CLANG_WARN_UNGUARDED_AVAILABILITY = YES_AGGRESSIVE;
				CLANG_WARN_UNREACHABLE_CODE = YES;
				CLANG_WARN__DUPLICATE_METHOD_MATCH = YES;
				COPY_PHASE_STRIP = NO;
				DEBUG_INFORMATION_FORMAT = "dwarf-with-dsym";
				ENABLE_NS_ASSERTIONS = NO;
				ENABLE_STRICT_OBJC_MSGSEND = YES;
				GCC_C_LANGUAGE_STANDARD = gnu11;
				GCC_NO_COMMON_BLOCKS = YES;
				GCC_WARN_64_TO_32_BIT_CONVERSION = YES;
				GCC_WARN_ABOUT_RETURN_TYPE = YES_ERROR;
				GCC_WARN_UNDECLARED_SELECTOR = YES;
				GCC_WARN_UNINITIALIZED_AUTOS = YES_AGGRESSIVE;
				GCC_WARN_UNUSED_FUNCTION = YES;
				GCC_WARN_UNUSED_VARIABLE = YES;
				IPHONEOS_DEPLOYMENT_TARGET = 15.5;
				MTL_ENABLE_DEBUG_INFO = NO;
				MTL_FAST_MATH = YES;
				SDKROOT = iphoneos;
				SWIFT_COMPILATION_MODE = wholemodule;
				SWIFT_OPTIMIZATION_LEVEL = "-O";
				VALIDATE_PRODUCT = YES;
			};
			name = Release;
		};
		D40E83A128532AEA005C2F17 /* Debug */ = {
			isa = XCBuildConfiguration;
			buildSettings = {
				ASSETCATALOG_COMPILER_APPICON_NAME = AppIcon;
				ASSETCATALOG_COMPILER_GLOBAL_ACCENT_COLOR_NAME = AccentColor;
				CODE_SIGN_STYLE = Automatic;
				CURRENT_PROJECT_VERSION = 1;
				DEVELOPMENT_TEAM = L54R5L5GQL;
				GENERATE_INFOPLIST_FILE = YES;
				INFOPLIST_FILE = Cehat/Info.plist;
				INFOPLIST_KEY_UIApplicationSupportsIndirectInputEvents = YES;
				INFOPLIST_KEY_UILaunchStoryboardName = LaunchScreen;
				INFOPLIST_KEY_UIMainStoryboardFile = OnBoardingPage;
				INFOPLIST_KEY_UISupportedInterfaceOrientations_iPad = "UIInterfaceOrientationPortrait UIInterfaceOrientationPortraitUpsideDown UIInterfaceOrientationLandscapeLeft UIInterfaceOrientationLandscapeRight";
				INFOPLIST_KEY_UISupportedInterfaceOrientations_iPhone = "UIInterfaceOrientationPortrait UIInterfaceOrientationLandscapeLeft UIInterfaceOrientationLandscapeRight";
				LD_RUNPATH_SEARCH_PATHS = (
					"$(inherited)",
					"@executable_path/Frameworks",
				);
				MARKETING_VERSION = 1.0;
				PRODUCT_BUNDLE_IDENTIFIER = com.farhan.Cehat;
				PRODUCT_NAME = "$(TARGET_NAME)";
				SWIFT_EMIT_LOC_STRINGS = YES;
				SWIFT_VERSION = 5.0;
				TARGETED_DEVICE_FAMILY = "1,2";
			};
			name = Debug;
		};
		D40E83A228532AEA005C2F17 /* Release */ = {
			isa = XCBuildConfiguration;
			buildSettings = {
				ASSETCATALOG_COMPILER_APPICON_NAME = AppIcon;
				ASSETCATALOG_COMPILER_GLOBAL_ACCENT_COLOR_NAME = AccentColor;
				CODE_SIGN_STYLE = Automatic;
				CURRENT_PROJECT_VERSION = 1;
				DEVELOPMENT_TEAM = L54R5L5GQL;
				GENERATE_INFOPLIST_FILE = YES;
				INFOPLIST_FILE = Cehat/Info.plist;
				INFOPLIST_KEY_UIApplicationSupportsIndirectInputEvents = YES;
				INFOPLIST_KEY_UILaunchStoryboardName = LaunchScreen;
				INFOPLIST_KEY_UIMainStoryboardFile = OnBoardingPage;
				INFOPLIST_KEY_UISupportedInterfaceOrientations_iPad = "UIInterfaceOrientationPortrait UIInterfaceOrientationPortraitUpsideDown UIInterfaceOrientationLandscapeLeft UIInterfaceOrientationLandscapeRight";
				INFOPLIST_KEY_UISupportedInterfaceOrientations_iPhone = "UIInterfaceOrientationPortrait UIInterfaceOrientationLandscapeLeft UIInterfaceOrientationLandscapeRight";
				LD_RUNPATH_SEARCH_PATHS = (
					"$(inherited)",
					"@executable_path/Frameworks",
				);
				MARKETING_VERSION = 1.0;
				PRODUCT_BUNDLE_IDENTIFIER = com.farhan.Cehat;
				PRODUCT_NAME = "$(TARGET_NAME)";
				SWIFT_EMIT_LOC_STRINGS = YES;
				SWIFT_VERSION = 5.0;
				TARGETED_DEVICE_FAMILY = "1,2";
			};
			name = Release;
		};
		D40E83A428532AEA005C2F17 /* Debug */ = {
			isa = XCBuildConfiguration;
			buildSettings = {
				ALWAYS_EMBED_SWIFT_STANDARD_LIBRARIES = YES;
				BUNDLE_LOADER = "$(TEST_HOST)";
				CODE_SIGN_STYLE = Automatic;
				CURRENT_PROJECT_VERSION = 1;
				DEVELOPMENT_TEAM = L54R5L5GQL;
				GENERATE_INFOPLIST_FILE = YES;
				IPHONEOS_DEPLOYMENT_TARGET = 15.5;
				MARKETING_VERSION = 1.0;
				PRODUCT_BUNDLE_IDENTIFIER = com.farhan.CehatTests;
				PRODUCT_NAME = "$(TARGET_NAME)";
				SWIFT_EMIT_LOC_STRINGS = NO;
				SWIFT_VERSION = 5.0;
				TARGETED_DEVICE_FAMILY = "1,2";
				TEST_HOST = "$(BUILT_PRODUCTS_DIR)/Cehat.app/Cehat";
			};
			name = Debug;
		};
		D40E83A528532AEA005C2F17 /* Release */ = {
			isa = XCBuildConfiguration;
			buildSettings = {
				ALWAYS_EMBED_SWIFT_STANDARD_LIBRARIES = YES;
				BUNDLE_LOADER = "$(TEST_HOST)";
				CODE_SIGN_STYLE = Automatic;
				CURRENT_PROJECT_VERSION = 1;
				DEVELOPMENT_TEAM = L54R5L5GQL;
				GENERATE_INFOPLIST_FILE = YES;
				IPHONEOS_DEPLOYMENT_TARGET = 15.5;
				MARKETING_VERSION = 1.0;
				PRODUCT_BUNDLE_IDENTIFIER = com.farhan.CehatTests;
				PRODUCT_NAME = "$(TARGET_NAME)";
				SWIFT_EMIT_LOC_STRINGS = NO;
				SWIFT_VERSION = 5.0;
				TARGETED_DEVICE_FAMILY = "1,2";
				TEST_HOST = "$(BUILT_PRODUCTS_DIR)/Cehat.app/Cehat";
			};
			name = Release;
		};
		D40E83A728532AEA005C2F17 /* Debug */ = {
			isa = XCBuildConfiguration;
			buildSettings = {
				ALWAYS_EMBED_SWIFT_STANDARD_LIBRARIES = YES;
				CODE_SIGN_STYLE = Automatic;
				CURRENT_PROJECT_VERSION = 1;
				DEVELOPMENT_TEAM = L54R5L5GQL;
				GENERATE_INFOPLIST_FILE = YES;
				MARKETING_VERSION = 1.0;
				PRODUCT_BUNDLE_IDENTIFIER = com.farhan.CehatUITests;
				PRODUCT_NAME = "$(TARGET_NAME)";
				SWIFT_EMIT_LOC_STRINGS = NO;
				SWIFT_VERSION = 5.0;
				TARGETED_DEVICE_FAMILY = "1,2";
				TEST_TARGET_NAME = Cehat;
			};
			name = Debug;
		};
		D40E83A828532AEA005C2F17 /* Release */ = {
			isa = XCBuildConfiguration;
			buildSettings = {
				ALWAYS_EMBED_SWIFT_STANDARD_LIBRARIES = YES;
				CODE_SIGN_STYLE = Automatic;
				CURRENT_PROJECT_VERSION = 1;
				DEVELOPMENT_TEAM = L54R5L5GQL;
				GENERATE_INFOPLIST_FILE = YES;
				MARKETING_VERSION = 1.0;
				PRODUCT_BUNDLE_IDENTIFIER = com.farhan.CehatUITests;
				PRODUCT_NAME = "$(TARGET_NAME)";
				SWIFT_EMIT_LOC_STRINGS = NO;
				SWIFT_VERSION = 5.0;
				TARGETED_DEVICE_FAMILY = "1,2";
				TEST_TARGET_NAME = Cehat;
			};
			name = Release;
		};
/* End XCBuildConfiguration section */

/* Begin XCConfigurationList section */
		D40E836E28532AE9005C2F17 /* Build configuration list for PBXProject "Cehat" */ = {
			isa = XCConfigurationList;
			buildConfigurations = (
				D40E839E28532AEA005C2F17 /* Debug */,
				D40E839F28532AEA005C2F17 /* Release */,
			);
			defaultConfigurationIsVisible = 0;
			defaultConfigurationName = Release;
		};
		D40E83A028532AEA005C2F17 /* Build configuration list for PBXNativeTarget "Cehat" */ = {
			isa = XCConfigurationList;
			buildConfigurations = (
				D40E83A128532AEA005C2F17 /* Debug */,
				D40E83A228532AEA005C2F17 /* Release */,
			);
			defaultConfigurationIsVisible = 0;
			defaultConfigurationName = Release;
		};
		D40E83A328532AEA005C2F17 /* Build configuration list for PBXNativeTarget "CehatTests" */ = {
			isa = XCConfigurationList;
			buildConfigurations = (
				D40E83A428532AEA005C2F17 /* Debug */,
				D40E83A528532AEA005C2F17 /* Release */,
			);
			defaultConfigurationIsVisible = 0;
			defaultConfigurationName = Release;
		};
		D40E83A628532AEA005C2F17 /* Build configuration list for PBXNativeTarget "CehatUITests" */ = {
			isa = XCConfigurationList;
			buildConfigurations = (
				D40E83A728532AEA005C2F17 /* Debug */,
				D40E83A828532AEA005C2F17 /* Release */,
			);
			defaultConfigurationIsVisible = 0;
			defaultConfigurationName = Release;
		};
/* End XCConfigurationList section */

/* Begin XCVersionGroup section */
		D40E837F28532AE9005C2F17 /* Cehat.xcdatamodeld */ = {
			isa = XCVersionGroup;
			children = (
				D40E838028532AE9005C2F17 /* Cehat.xcdatamodel */,
			);
			currentVersion = D40E838028532AE9005C2F17 /* Cehat.xcdatamodel */;
			path = Cehat.xcdatamodeld;
			sourceTree = "<group>";
			versionGroupType = wrapper.xcdatamodel;
		};
/* End XCVersionGroup section */
	};
	rootObject = D40E836B28532AE9005C2F17 /* Project object */;
}
